
Microsoft Visual Studio Solution File, Format Version 12.00
# Visual Studio Version 17
VisualStudioVersion = 17.0.32002.185
MinimumVisualStudioVersion = 10.0.40219.1
Project("{FAE04EC0-301F-11D3-BF4B-00C04F79EFBC}") = "Bil opgave", "Bil opgave\Bil opgave.csproj", "{44AF460E-7CDD-4C04-ACDD-2388A7DC2710}"
EndProject
Global
	GlobalSection(SolutionConfigurationPlatforms) = preSolution
		Debug|Any CPU = Debug|Any CPU
		Release|Any CPU = Release|Any CPU
	EndGlobalSection
	GlobalSection(ProjectConfigurationPlatforms) = postSolution
		{44AF460E-7CDD-4C04-ACDD-2388A7DC2710}.Debug|Any CPU.ActiveCfg = Debug|Any CPU
		{44AF460E-7CDD-4C04-ACDD-2388A7DC2710}.Debug|Any CPU.Build.0 = Debug|Any CPU
		{44AF460E-7CDD-4C04-ACDD-2388A7DC2710}.Release|Any CPU.ActiveCfg = Release|Any CPU
		{44AF460E-7CDD-4C04-ACDD-2388A7DC2710}.Release|Any CPU.Build.0 = Release|Any CPU
	EndGlobalSection
	GlobalSection(SolutionProperties) = preSolution
		HideSolutionNode = FALSE
	EndGlobalSection
	GlobalSection(ExtensibilityGlobals) = postSolution
		SolutionGuid = {AD972FF3-1A3C-44F0-BE9D-93A1EA2818BD}
	EndGlobalSection
EndGlobal
